
Microsoft Visual Studio Solution File, Format Version 12.00
# Visual Studio Version 17
VisualStudioVersion = 17.5.33516.290
MinimumVisualStudioVersion = 10.0.40219.1
Project("{9A19103F-16F7-4668-BE54-9A1E7A4F7556}") = "d23", "main\d23.csproj", "{38931AE1-1D35-432F-931F-8484C43DDF1C}"
EndProject
Global
	GlobalSection(SolutionConfigurationPlatforms) = preSolution
		Debug|Any CPU = Debug|Any CPU
		Release|Any CPU = Release|Any CPU
	EndGlobalSection
	GlobalSection(ProjectConfigurationPlatforms) = postSolution
		{38931AE1-1D35-432F-931F-8484C43DDF1C}.Debug|Any CPU.ActiveCfg = Debug|Any CPU
		{38931AE1-1D35-432F-931F-8484C43DDF1C}.Debug|Any CPU.Build.0 = Debug|Any CPU
		{38931AE1-1D35-432F-931F-8484C43DDF1C}.Release|Any CPU.ActiveCfg = Release|Any CPU
		{38931AE1-1D35-432F-931F-8484C43DDF1C}.Release|Any CPU.Build.0 = Release|Any CPU
	EndGlobalSection
	GlobalSection(SolutionProperties) = preSolution
		HideSolutionNode = FALSE
	EndGlobalSection
	GlobalSection(ExtensibilityGlobals) = postSolution
		SolutionGuid = {6EAC172E-8A22-4E40-85AB-4D298515804B}
	EndGlobalSection
EndGlobal
